// !$*UTF8*$!
{
	archiveVersion = 1;
	classes = {
	};
	objectVersion = 48;
	objects = {

/* Begin PBXBuildFile section */
		106799DBA1DFC09C30768620 /* Pods_upCameraTests.framework in Frameworks */ = {isa = PBXBuildFile; fileRef = 677256FEDBB2BA71B88223BC /* Pods_upCameraTests.framework */; };
		51A90009A85C6A7E7F0DA10A /* Pods_upCameraUITests.framework in Frameworks */ = {isa = PBXBuildFile; fileRef = 7BE3851762FA86C1D0874D02 /* Pods_upCameraUITests.framework */; };
		98E3A5125C70D5CD6866986E /* Pods_upCamera.framework in Frameworks */ = {isa = PBXBuildFile; fileRef = 0B25E3C8983D7F7CF6E012F9 /* Pods_upCamera.framework */; };
		E77C59A520341B2E00F211E2 /* AppDelegate.swift in Sources */ = {isa = PBXBuildFile; fileRef = E77C59A420341B2E00F211E2 /* AppDelegate.swift */; };
		E77C59A720341B2E00F211E2 /* ViewController.swift in Sources */ = {isa = PBXBuildFile; fileRef = E77C59A620341B2E00F211E2 /* ViewController.swift */; };
		E77C59AA20341B2E00F211E2 /* Main.storyboard in Resources */ = {isa = PBXBuildFile; fileRef = E77C59A820341B2E00F211E2 /* Main.storyboard */; };
		E77C59AC20341B2E00F211E2 /* Assets.xcassets in Resources */ = {isa = PBXBuildFile; fileRef = E77C59AB20341B2E00F211E2 /* Assets.xcassets */; };
		E77C59AF20341B2E00F211E2 /* LaunchScreen.storyboard in Resources */ = {isa = PBXBuildFile; fileRef = E77C59AD20341B2E00F211E2 /* LaunchScreen.storyboard */; };
		E77C59BA20341B2E00F211E2 /* upCameraTests.swift in Sources */ = {isa = PBXBuildFile; fileRef = E77C59B920341B2E00F211E2 /* upCameraTests.swift */; };
		E77C59C520341B2E00F211E2 /* upCameraUITests.swift in Sources */ = {isa = PBXBuildFile; fileRef = E77C59C420341B2E00F211E2 /* upCameraUITests.swift */; };
		E77C59DC2034438800F211E2 /* start.mp3 in Resources */ = {isa = PBXBuildFile; fileRef = E77C59DA2034438700F211E2 /* start.mp3 */; };
		E77C59DD2034438800F211E2 /* start.mp3 in Resources */ = {isa = PBXBuildFile; fileRef = E77C59DA2034438700F211E2 /* start.mp3 */; };
		E77C59DE2034438800F211E2 /* start.mp3 in Resources */ = {isa = PBXBuildFile; fileRef = E77C59DA2034438700F211E2 /* start.mp3 */; };
		E77C59DF2034438800F211E2 /* stop.mp3 in Resources */ = {isa = PBXBuildFile; fileRef = E77C59DB2034438700F211E2 /* stop.mp3 */; };
		E77C59E02034438800F211E2 /* stop.mp3 in Resources */ = {isa = PBXBuildFile; fileRef = E77C59DB2034438700F211E2 /* stop.mp3 */; };
		E77C59E12034438800F211E2 /* stop.mp3 in Resources */ = {isa = PBXBuildFile; fileRef = E77C59DB2034438700F211E2 /* stop.mp3 */; };
/* End PBXBuildFile section */

/* Begin PBXContainerItemProxy section */
		E77C59B620341B2E00F211E2 /* PBXContainerItemProxy */ = {
			isa = PBXContainerItemProxy;
			containerPortal = E77C599920341B2E00F211E2 /* Project object */;
			proxyType = 1;
			remoteGlobalIDString = E77C59A020341B2E00F211E2;
			remoteInfo = upCamera;
		};
		E77C59C120341B2E00F211E2 /* PBXContainerItemProxy */ = {
			isa = PBXContainerItemProxy;
			containerPortal = E77C599920341B2E00F211E2 /* Project object */;
			proxyType = 1;
			remoteGlobalIDString = E77C59A020341B2E00F211E2;
			remoteInfo = upCamera;
		};
/* End PBXContainerItemProxy section */

/* Begin PBXFileReference section */
		0B25E3C8983D7F7CF6E012F9 /* Pods_upCamera.framework */ = {isa = PBXFileReference; explicitFileType = wrapper.framework; includeInIndex = 0; path = Pods_upCamera.framework; sourceTree = BUILT_PRODUCTS_DIR; };
		173594C4A8F0BD43F3911BC9 /* Pods-upCamera.debug.xcconfig */ = {isa = PBXFileReference; includeInIndex = 1; lastKnownFileType = text.xcconfig; name = "Pods-upCamera.debug.xcconfig"; path = "Pods/Target Support Files/Pods-upCamera/Pods-upCamera.debug.xcconfig"; sourceTree = "<group>"; };
		1972D0DB2FEC693B4AE9DCAF /* Pods-upCameraUITests.debug.xcconfig */ = {isa = PBXFileReference; includeInIndex = 1; lastKnownFileType = text.xcconfig; name = "Pods-upCameraUITests.debug.xcconfig"; path = "Pods/Target Support Files/Pods-upCameraUITests/Pods-upCameraUITests.debug.xcconfig"; sourceTree = "<group>"; };
		37BD083D5E4D6B941CEBE5DA /* Pods-upCameraTests.release.xcconfig */ = {isa = PBXFileReference; includeInIndex = 1; lastKnownFileType = text.xcconfig; name = "Pods-upCameraTests.release.xcconfig"; path = "Pods/Target Support Files/Pods-upCameraTests/Pods-upCameraTests.release.xcconfig"; sourceTree = "<group>"; };
		5FFBCE6C3E19944CC7C5A50A /* Pods-upCamera.release.xcconfig */ = {isa = PBXFileReference; includeInIndex = 1; lastKnownFileType = text.xcconfig; name = "Pods-upCamera.release.xcconfig"; path = "Pods/Target Support Files/Pods-upCamera/Pods-upCamera.release.xcconfig"; sourceTree = "<group>"; };
		677256FEDBB2BA71B88223BC /* Pods_upCameraTests.framework */ = {isa = PBXFileReference; explicitFileType = wrapper.framework; includeInIndex = 0; path = Pods_upCameraTests.framework; sourceTree = BUILT_PRODUCTS_DIR; };
		6F8DDC918D5ED32FD4C4E29A /* Pods-upCameraUITests.release.xcconfig */ = {isa = PBXFileReference; includeInIndex = 1; lastKnownFileType = text.xcconfig; name = "Pods-upCameraUITests.release.xcconfig"; path = "Pods/Target Support Files/Pods-upCameraUITests/Pods-upCameraUITests.release.xcconfig"; sourceTree = "<group>"; };
		7BE3851762FA86C1D0874D02 /* Pods_upCameraUITests.framework */ = {isa = PBXFileReference; explicitFileType = wrapper.framework; includeInIndex = 0; path = Pods_upCameraUITests.framework; sourceTree = BUILT_PRODUCTS_DIR; };
		AD4BBE68A0D94B2AFBCD64C3 /* Pods-upCameraTests.debug.xcconfig */ = {isa = PBXFileReference; includeInIndex = 1; lastKnownFileType = text.xcconfig; name = "Pods-upCameraTests.debug.xcconfig"; path = "Pods/Target Support Files/Pods-upCameraTests/Pods-upCameraTests.debug.xcconfig"; sourceTree = "<group>"; };
		E77BE50720351E480001CAFC /* upCamera-Bridging-Header.h */ = {isa = PBXFileReference; lastKnownFileType = sourcecode.c.h; path = "upCamera-Bridging-Header.h"; sourceTree = "<group>"; };
		E77C59A120341B2E00F211E2 /* upCamera.app */ = {isa = PBXFileReference; explicitFileType = wrapper.application; includeInIndex = 0; path = upCamera.app; sourceTree = BUILT_PRODUCTS_DIR; };
		E77C59A420341B2E00F211E2 /* AppDelegate.swift */ = {isa = PBXFileReference; lastKnownFileType = sourcecode.swift; path = AppDelegate.swift; sourceTree = "<group>"; };
		E77C59A620341B2E00F211E2 /* ViewController.swift */ = {isa = PBXFileReference; lastKnownFileType = sourcecode.swift; path = ViewController.swift; sourceTree = "<group>"; };
		E77C59A920341B2E00F211E2 /* Base */ = {isa = PBXFileReference; lastKnownFileType = file.storyboard; name = Base; path = Base.lproj/Main.storyboard; sourceTree = "<group>"; };
		E77C59AB20341B2E00F211E2 /* Assets.xcassets */ = {isa = PBXFileReference; lastKnownFileType = folder.assetcatalog; path = Assets.xcassets; sourceTree = "<group>"; };
		E77C59AE20341B2E00F211E2 /* Base */ = {isa = PBXFileReference; lastKnownFileType = file.storyboard; name = Base; path = Base.lproj/LaunchScreen.storyboard; sourceTree = "<group>"; };
		E77C59B020341B2E00F211E2 /* Info.plist */ = {isa = PBXFileReference; lastKnownFileType = text.plist.xml; path = Info.plist; sourceTree = "<group>"; };
		E77C59B520341B2E00F211E2 /* upCameraTests.xctest */ = {isa = PBXFileReference; explicitFileType = wrapper.cfbundle; includeInIndex = 0; path = upCameraTests.xctest; sourceTree = BUILT_PRODUCTS_DIR; };
		E77C59B920341B2E00F211E2 /* upCameraTests.swift */ = {isa = PBXFileReference; lastKnownFileType = sourcecode.swift; path = upCameraTests.swift; sourceTree = "<group>"; };
		E77C59BB20341B2E00F211E2 /* Info.plist */ = {isa = PBXFileReference; lastKnownFileType = text.plist.xml; path = Info.plist; sourceTree = "<group>"; };
		E77C59C020341B2E00F211E2 /* upCameraUITests.xctest */ = {isa = PBXFileReference; explicitFileType = wrapper.cfbundle; includeInIndex = 0; path = upCameraUITests.xctest; sourceTree = BUILT_PRODUCTS_DIR; };
		E77C59C420341B2E00F211E2 /* upCameraUITests.swift */ = {isa = PBXFileReference; lastKnownFileType = sourcecode.swift; path = upCameraUITests.swift; sourceTree = "<group>"; };
		E77C59C620341B2E00F211E2 /* Info.plist */ = {isa = PBXFileReference; lastKnownFileType = text.plist.xml; path = Info.plist; sourceTree = "<group>"; };
		E77C59DA2034438700F211E2 /* start.mp3 */ = {isa = PBXFileReference; lastKnownFileType = audio.mp3; name = start.mp3; path = ../../../Downloads/start.mp3; sourceTree = "<group>"; };
		E77C59DB2034438700F211E2 /* stop.mp3 */ = {isa = PBXFileReference; lastKnownFileType = audio.mp3; name = stop.mp3; path = ../../../Downloads/stop.mp3; sourceTree = "<group>"; };
/* End PBXFileReference section */

/* Begin PBXFrameworksBuildPhase section */
		E77C599E20341B2E00F211E2 /* Frameworks */ = {
			isa = PBXFrameworksBuildPhase;
			buildActionMask = 2147483647;
			files = (
				98E3A5125C70D5CD6866986E /* Pods_upCamera.framework in Frameworks */,
			);
			runOnlyForDeploymentPostprocessing = 0;
		};
		E77C59B220341B2E00F211E2 /* Frameworks */ = {
			isa = PBXFrameworksBuildPhase;
			buildActionMask = 2147483647;
			files = (
				106799DBA1DFC09C30768620 /* Pods_upCameraTests.framework in Frameworks */,
			);
			runOnlyForDeploymentPostprocessing = 0;
		};
		E77C59BD20341B2E00F211E2 /* Frameworks */ = {
			isa = PBXFrameworksBuildPhase;
			buildActionMask = 2147483647;
			files = (
				51A90009A85C6A7E7F0DA10A /* Pods_upCameraUITests.framework in Frameworks */,
			);
			runOnlyForDeploymentPostprocessing = 0;
		};
/* End PBXFrameworksBuildPhase section */

/* Begin PBXGroup section */
		3FD39A1BF5EECD27EE6126E7 /* Pods */ = {
			isa = PBXGroup;
			children = (
				173594C4A8F0BD43F3911BC9 /* Pods-upCamera.debug.xcconfig */,
				5FFBCE6C3E19944CC7C5A50A /* Pods-upCamera.release.xcconfig */,
				AD4BBE68A0D94B2AFBCD64C3 /* Pods-upCameraTests.debug.xcconfig */,
				37BD083D5E4D6B941CEBE5DA /* Pods-upCameraTests.release.xcconfig */,
				1972D0DB2FEC693B4AE9DCAF /* Pods-upCameraUITests.debug.xcconfig */,
				6F8DDC918D5ED32FD4C4E29A /* Pods-upCameraUITests.release.xcconfig */,
			);
			name = Pods;
			sourceTree = "<group>";
		};
		E77C599820341B2E00F211E2 = {
			isa = PBXGroup;
			children = (
				E77BE50720351E480001CAFC /* upCamera-Bridging-Header.h */,
				E77C59A320341B2E00F211E2 /* upCamera */,
				E77C59B820341B2E00F211E2 /* upCameraTests */,
				E77C59C320341B2E00F211E2 /* upCameraUITests */,
				E77C59A220341B2E00F211E2 /* Products */,
				3FD39A1BF5EECD27EE6126E7 /* Pods */,
				F288593C0C749A9D61AB13D0 /* Frameworks */,
			);
			sourceTree = "<group>";
		};
		E77C59A220341B2E00F211E2 /* Products */ = {
			isa = PBXGroup;
			children = (
				E77C59A120341B2E00F211E2 /* upCamera.app */,
				E77C59B520341B2E00F211E2 /* upCameraTests.xctest */,
				E77C59C020341B2E00F211E2 /* upCameraUITests.xctest */,
			);
			name = Products;
			sourceTree = "<group>";
		};
		E77C59A320341B2E00F211E2 /* upCamera */ = {
			isa = PBXGroup;
			children = (
				E77C59DA2034438700F211E2 /* start.mp3 */,
				E77C59DB2034438700F211E2 /* stop.mp3 */,
				E77C59A420341B2E00F211E2 /* AppDelegate.swift */,
				E77C59A620341B2E00F211E2 /* ViewController.swift */,
				E77C59A820341B2E00F211E2 /* Main.storyboard */,
				E77C59AB20341B2E00F211E2 /* Assets.xcassets */,
				E77C59AD20341B2E00F211E2 /* LaunchScreen.storyboard */,
				E77C59B020341B2E00F211E2 /* Info.plist */,
			);
			path = upCamera;
			sourceTree = "<group>";
		};
		E77C59B820341B2E00F211E2 /* upCameraTests */ = {
			isa = PBXGroup;
			children = (
				E77C59B920341B2E00F211E2 /* upCameraTests.swift */,
				E77C59BB20341B2E00F211E2 /* Info.plist */,
			);
			path = upCameraTests;
			sourceTree = "<group>";
		};
		E77C59C320341B2E00F211E2 /* upCameraUITests */ = {
			isa = PBXGroup;
			children = (
				E77C59C420341B2E00F211E2 /* upCameraUITests.swift */,
				E77C59C620341B2E00F211E2 /* Info.plist */,
			);
			path = upCameraUITests;
			sourceTree = "<group>";
		};
		F288593C0C749A9D61AB13D0 /* Frameworks */ = {
			isa = PBXGroup;
			children = (
				0B25E3C8983D7F7CF6E012F9 /* Pods_upCamera.framework */,
				677256FEDBB2BA71B88223BC /* Pods_upCameraTests.framework */,
				7BE3851762FA86C1D0874D02 /* Pods_upCameraUITests.framework */,
			);
			name = Frameworks;
			sourceTree = "<group>";
		};
/* End PBXGroup section */

/* Begin PBXNativeTarget section */
		E77C59A020341B2E00F211E2 /* upCamera */ = {
			isa = PBXNativeTarget;
			buildConfigurationList = E77C59C920341B2E00F211E2 /* Build configuration list for PBXNativeTarget "upCamera" */;
			buildPhases = (
				4F2CB59235E9A47CF9279195 /* [CP] Check Pods Manifest.lock */,
				E77C599D20341B2E00F211E2 /* Sources */,
				E77C599E20341B2E00F211E2 /* Frameworks */,
				E77C599F20341B2E00F211E2 /* Resources */,
				46E571FA788782F7B01E626A /* [CP] Embed Pods Frameworks */,
				76C1F7C9357E2EBEE9143E0B /* [CP] Copy Pods Resources */,
			);
			buildRules = (
			);
			dependencies = (
			);
			name = upCamera;
			productName = upCamera;
			productReference = E77C59A120341B2E00F211E2 /* upCamera.app */;
			productType = "com.apple.product-type.application";
		};
		E77C59B420341B2E00F211E2 /* upCameraTests */ = {
			isa = PBXNativeTarget;
			buildConfigurationList = E77C59CC20341B2E00F211E2 /* Build configuration list for PBXNativeTarget "upCameraTests" */;
			buildPhases = (
				F10D43C1A594D9CF19678033 /* [CP] Check Pods Manifest.lock */,
				E77C59B120341B2E00F211E2 /* Sources */,
				E77C59B220341B2E00F211E2 /* Frameworks */,
				E77C59B320341B2E00F211E2 /* Resources */,
				66C47E3A3ED01086BCB4A0C5 /* [CP] Embed Pods Frameworks */,
				1F832312D87C6980F7CFB35C /* [CP] Copy Pods Resources */,
			);
			buildRules = (
			);
			dependencies = (
				E77C59B720341B2E00F211E2 /* PBXTargetDependency */,
			);
			name = upCameraTests;
			productName = upCameraTests;
			productReference = E77C59B520341B2E00F211E2 /* upCameraTests.xctest */;
			productType = "com.apple.product-type.bundle.unit-test";
		};
		E77C59BF20341B2E00F211E2 /* upCameraUITests */ = {
			isa = PBXNativeTarget;
			buildConfigurationList = E77C59CF20341B2E00F211E2 /* Build configuration list for PBXNativeTarget "upCameraUITests" */;
			buildPhases = (
				B33811933E53433FB1ACFA3E /* [CP] Check Pods Manifest.lock */,
				E77C59BC20341B2E00F211E2 /* Sources */,
				E77C59BD20341B2E00F211E2 /* Frameworks */,
				E77C59BE20341B2E00F211E2 /* Resources */,
				AEAB20D3C825A08EEED6F940 /* [CP] Embed Pods Frameworks */,
				C882388003F00AB03C8A0BC5 /* [CP] Copy Pods Resources */,
			);
			buildRules = (
			);
			dependencies = (
				E77C59C220341B2E00F211E2 /* PBXTargetDependency */,
			);
			name = upCameraUITests;
			productName = upCameraUITests;
			productReference = E77C59C020341B2E00F211E2 /* upCameraUITests.xctest */;
			productType = "com.apple.product-type.bundle.ui-testing";
		};
/* End PBXNativeTarget section */

/* Begin PBXProject section */
		E77C599920341B2E00F211E2 /* Project object */ = {
			isa = PBXProject;
			attributes = {
				LastSwiftUpdateCheck = 0920;
				LastUpgradeCheck = 0920;
				ORGANIZATIONNAME = wataokakoki;
				TargetAttributes = {
					E77C59A020341B2E00F211E2 = {
						CreatedOnToolsVersion = 9.2;
						LastSwiftMigration = 0920;
						ProvisioningStyle = Automatic;
					};
					E77C59B420341B2E00F211E2 = {
						CreatedOnToolsVersion = 9.2;
						ProvisioningStyle = Automatic;
						TestTargetID = E77C59A020341B2E00F211E2;
					};
					E77C59BF20341B2E00F211E2 = {
						CreatedOnToolsVersion = 9.2;
						ProvisioningStyle = Automatic;
						TestTargetID = E77C59A020341B2E00F211E2;
					};
				};
			};
			buildConfigurationList = E77C599C20341B2E00F211E2 /* Build configuration list for PBXProject "upCamera" */;
			compatibilityVersion = "Xcode 8.0";
			developmentRegion = en;
			hasScannedForEncodings = 0;
			knownRegions = (
				en,
				Base,
			);
			mainGroup = E77C599820341B2E00F211E2;
			productRefGroup = E77C59A220341B2E00F211E2 /* Products */;
			projectDirPath = "";
			projectRoot = "";
			targets = (
				E77C59A020341B2E00F211E2 /* upCamera */,
				E77C59B420341B2E00F211E2 /* upCameraTests */,
				E77C59BF20341B2E00F211E2 /* upCameraUITests */,
			);
		};
/* End PBXProject section */

/* Begin PBXResourcesBuildPhase section */
		E77C599F20341B2E00F211E2 /* Resources */ = {
			isa = PBXResourcesBuildPhase;
			buildActionMask = 2147483647;
			files = (
				E77C59AF20341B2E00F211E2 /* LaunchScreen.storyboard in Resources */,
				E77C59DF2034438800F211E2 /* stop.mp3 in Resources */,
				E77C59DC2034438800F211E2 /* start.mp3 in Resources */,
				E77C59AC20341B2E00F211E2 /* Assets.xcassets in Resources */,
				E77C59AA20341B2E00F211E2 /* Main.storyboard in Resources */,
			);
			runOnlyForDeploymentPostprocessing = 0;
		};
		E77C59B320341B2E00F211E2 /* Resources */ = {
			isa = PBXResourcesBuildPhase;
			buildActionMask = 2147483647;
			files = (
				E77C59E02034438800F211E2 /* stop.mp3 in Resources */,
				E77C59DD2034438800F211E2 /* start.mp3 in Resources */,
			);
			runOnlyForDeploymentPostprocessing = 0;
		};
		E77C59BE20341B2E00F211E2 /* Resources */ = {
			isa = PBXResourcesBuildPhase;
			buildActionMask = 2147483647;
			files = (
				E77C59E12034438800F211E2 /* stop.mp3 in Resources */,
				E77C59DE2034438800F211E2 /* start.mp3 in Resources */,
			);
			runOnlyForDeploymentPostprocessing = 0;
		};
/* End PBXResourcesBuildPhase section */

/* Begin PBXShellScriptBuildPhase section */
		1F832312D87C6980F7CFB35C /* [CP] Copy Pods Resources */ = {
			isa = PBXShellScriptBuildPhase;
			buildActionMask = 2147483647;
			files = (
			);
			inputPaths = (
				"${SRCROOT}/Pods/Target Support Files/Pods-upCameraTests/Pods-upCameraTests-resources.sh",
				"${PODS_ROOT}/TwitterKit/iOS/TwitterKit.framework/TwitterKitResources.bundle",
				"${PODS_ROOT}/TwitterKit/iOS/TwitterKit.framework/TwitterShareExtensionUIResources.bundle",
			);
			name = "[CP] Copy Pods Resources";
			outputPaths = (
				"${TARGET_BUILD_DIR}/${UNLOCALIZED_RESOURCES_FOLDER_PATH}/TwitterKitResources.bundle",
				"${TARGET_BUILD_DIR}/${UNLOCALIZED_RESOURCES_FOLDER_PATH}/TwitterShareExtensionUIResources.bundle",
			);
			runOnlyForDeploymentPostprocessing = 0;
			shellPath = /bin/sh;
			shellScript = "\"${SRCROOT}/Pods/Target Support Files/Pods-upCameraTests/Pods-upCameraTests-resources.sh\"\n";
			showEnvVarsInLog = 0;
		};
		46E571FA788782F7B01E626A /* [CP] Embed Pods Frameworks */ = {
			isa = PBXShellScriptBuildPhase;
			buildActionMask = 2147483647;
			files = (
			);
			inputPaths = (
				"${SRCROOT}/Pods/Target Support Files/Pods-upCamera/Pods-upCamera-frameworks.sh",
				"${PODS_ROOT}/TwitterCore/iOS/TwitterCore.framework",
				"${PODS_ROOT}/TwitterKit/iOS/TwitterKit.framework",
			);
			name = "[CP] Embed Pods Frameworks";
			outputPaths = (
				"${TARGET_BUILD_DIR}/${FRAMEWORKS_FOLDER_PATH}/TwitterCore.framework",
				"${TARGET_BUILD_DIR}/${FRAMEWORKS_FOLDER_PATH}/TwitterKit.framework",
			);
			runOnlyForDeploymentPostprocessing = 0;
			shellPath = /bin/sh;
			shellScript = "\"${SRCROOT}/Pods/Target Support Files/Pods-upCamera/Pods-upCamera-frameworks.sh\"\n";
			showEnvVarsInLog = 0;
		};
		4F2CB59235E9A47CF9279195 /* [CP] Check Pods Manifest.lock */ = {
			isa = PBXShellScriptBuildPhase;
			buildActionMask = 2147483647;
			files = (
			);
			inputPaths = (
				"${PODS_PODFILE_DIR_PATH}/Podfile.lock",
				"${PODS_ROOT}/Manifest.lock",
			);
			name = "[CP] Check Pods Manifest.lock";
			outputPaths = (
				"$(DERIVED_FILE_DIR)/Pods-upCamera-checkManifestLockResult.txt",
			);
			runOnlyForDeploymentPostprocessing = 0;
			shellPath = /bin/sh;
			shellScript = "diff \"${PODS_PODFILE_DIR_PATH}/Podfile.lock\" \"${PODS_ROOT}/Manifest.lock\" > /dev/null\nif [ $? != 0 ] ; then\n    # print error to STDERR\n    echo \"error: The sandbox is not in sync with the Podfile.lock. Run 'pod install' or update your CocoaPods installation.\" >&2\n    exit 1\nfi\n# This output is used by Xcode 'outputs' to avoid re-running this script phase.\necho \"SUCCESS\" > \"${SCRIPT_OUTPUT_FILE_0}\"\n";
			showEnvVarsInLog = 0;
		};
		66C47E3A3ED01086BCB4A0C5 /* [CP] Embed Pods Frameworks */ = {
			isa = PBXShellScriptBuildPhase;
			buildActionMask = 2147483647;
			files = (
			);
			inputPaths = (
				"${SRCROOT}/Pods/Target Support Files/Pods-upCameraTests/Pods-upCameraTests-frameworks.sh",
				"${PODS_ROOT}/TwitterCore/iOS/TwitterCore.framework",
				"${PODS_ROOT}/TwitterKit/iOS/TwitterKit.framework",
			);
			name = "[CP] Embed Pods Frameworks";
			outputPaths = (
				"${TARGET_BUILD_DIR}/${FRAMEWORKS_FOLDER_PATH}/TwitterCore.framework",
				"${TARGET_BUILD_DIR}/${FRAMEWORKS_FOLDER_PATH}/TwitterKit.framework",
			);
			runOnlyForDeploymentPostprocessing = 0;
			shellPath = /bin/sh;
			shellScript = "\"${SRCROOT}/Pods/Target Support Files/Pods-upCameraTests/Pods-upCameraTests-frameworks.sh\"\n";
			showEnvVarsInLog = 0;
		};
		76C1F7C9357E2EBEE9143E0B /* [CP] Copy Pods Resources */ = {
			isa = PBXShellScriptBuildPhase;
			buildActionMask = 2147483647;
			files = (
			);
			inputPaths = (
				"${SRCROOT}/Pods/Target Support Files/Pods-upCamera/Pods-upCamera-resources.sh",
				"${PODS_ROOT}/TwitterKit/iOS/TwitterKit.framework/TwitterKitResources.bundle",
				"${PODS_ROOT}/TwitterKit/iOS/TwitterKit.framework/TwitterShareExtensionUIResources.bundle",
			);
			name = "[CP] Copy Pods Resources";
			outputPaths = (
				"${TARGET_BUILD_DIR}/${UNLOCALIZED_RESOURCES_FOLDER_PATH}/TwitterKitResources.bundle",
				"${TARGET_BUILD_DIR}/${UNLOCALIZED_RESOURCES_FOLDER_PATH}/TwitterShareExtensionUIResources.bundle",
			);
			runOnlyForDeploymentPostprocessing = 0;
			shellPath = /bin/sh;
			shellScript = "\"${SRCROOT}/Pods/Target Support Files/Pods-upCamera/Pods-upCamera-resources.sh\"\n";
			showEnvVarsInLog = 0;
		};
		AEAB20D3C825A08EEED6F940 /* [CP] Embed Pods Frameworks */ = {
			isa = PBXShellScriptBuildPhase;
			buildActionMask = 2147483647;
			files = (
			);
			inputPaths = (
				"${SRCROOT}/Pods/Target Support Files/Pods-upCameraUITests/Pods-upCameraUITests-frameworks.sh",
				"${PODS_ROOT}/TwitterCore/iOS/TwitterCore.framework",
				"${PODS_ROOT}/TwitterKit/iOS/TwitterKit.framework",
			);
			name = "[CP] Embed Pods Frameworks";
			outputPaths = (
				"${TARGET_BUILD_DIR}/${FRAMEWORKS_FOLDER_PATH}/TwitterCore.framework",
				"${TARGET_BUILD_DIR}/${FRAMEWORKS_FOLDER_PATH}/TwitterKit.framework",
			);
			runOnlyForDeploymentPostprocessing = 0;
			shellPath = /bin/sh;
			shellScript = "\"${SRCROOT}/Pods/Target Support Files/Pods-upCameraUITests/Pods-upCameraUITests-frameworks.sh\"\n";
			showEnvVarsInLog = 0;
		};
		B33811933E53433FB1ACFA3E /* [CP] Check Pods Manifest.lock */ = {
			isa = PBXShellScriptBuildPhase;
			buildActionMask = 2147483647;
			files = (
			);
			inputPaths = (
				"${PODS_PODFILE_DIR_PATH}/Podfile.lock",
				"${PODS_ROOT}/Manifest.lock",
			);
			name = "[CP] Check Pods Manifest.lock";
			outputPaths = (
				"$(DERIVED_FILE_DIR)/Pods-upCameraUITests-checkManifestLockResult.txt",
			);
			runOnlyForDeploymentPostprocessing = 0;
			shellPath = /bin/sh;
			shellScript = "diff \"${PODS_PODFILE_DIR_PATH}/Podfile.lock\" \"${PODS_ROOT}/Manifest.lock\" > /dev/null\nif [ $? != 0 ] ; then\n    # print error to STDERR\n    echo \"error: The sandbox is not in sync with the Podfile.lock. Run 'pod install' or update your CocoaPods installation.\" >&2\n    exit 1\nfi\n# This output is used by Xcode 'outputs' to avoid re-running this script phase.\necho \"SUCCESS\" > \"${SCRIPT_OUTPUT_FILE_0}\"\n";
			showEnvVarsInLog = 0;
		};
		C882388003F00AB03C8A0BC5 /* [CP] Copy Pods Resources */ = {
			isa = PBXShellScriptBuildPhase;
			buildActionMask = 2147483647;
			files = (
			);
			inputPaths = (
				"${SRCROOT}/Pods/Target Support Files/Pods-upCameraUITests/Pods-upCameraUITests-resources.sh",
				"${PODS_ROOT}/TwitterKit/iOS/TwitterKit.framework/TwitterKitResources.bundle",
				"${PODS_ROOT}/TwitterKit/iOS/TwitterKit.framework/TwitterShareExtensionUIResources.bundle",
			);
			name = "[CP] Copy Pods Resources";
			outputPaths = (
				"${TARGET_BUILD_DIR}/${UNLOCALIZED_RESOURCES_FOLDER_PATH}/TwitterKitResources.bundle",
				"${TARGET_BUILD_DIR}/${UNLOCALIZED_RESOURCES_FOLDER_PATH}/TwitterShareExtensionUIResources.bundle",
			);
			runOnlyForDeploymentPostprocessing = 0;
			shellPath = /bin/sh;
			shellScript = "\"${SRCROOT}/Pods/Target Support Files/Pods-upCameraUITests/Pods-upCameraUITests-resources.sh\"\n";
			showEnvVarsInLog = 0;
		};
		F10D43C1A594D9CF19678033 /* [CP] Check Pods Manifest.lock */ = {
			isa = PBXShellScriptBuildPhase;
			buildActionMask = 2147483647;
			files = (
			);
			inputPaths = (
				"${PODS_PODFILE_DIR_PATH}/Podfile.lock",
				"${PODS_ROOT}/Manifest.lock",
			);
			name = "[CP] Check Pods Manifest.lock";
			outputPaths = (
				"$(DERIVED_FILE_DIR)/Pods-upCameraTests-checkManifestLockResult.txt",
			);
			runOnlyForDeploymentPostprocessing = 0;
			shellPath = /bin/sh;
			shellScript = "diff \"${PODS_PODFILE_DIR_PATH}/Podfile.lock\" \"${PODS_ROOT}/Manifest.lock\" > /dev/null\nif [ $? != 0 ] ; then\n    # print error to STDERR\n    echo \"error: The sandbox is not in sync with the Podfile.lock. Run 'pod install' or update your CocoaPods installation.\" >&2\n    exit 1\nfi\n# This output is used by Xcode 'outputs' to avoid re-running this script phase.\necho \"SUCCESS\" > \"${SCRIPT_OUTPUT_FILE_0}\"\n";
			showEnvVarsInLog = 0;
		};
/* End PBXShellScriptBuildPhase section */

/* Begin PBXSourcesBuildPhase section */
		E77C599D20341B2E00F211E2 /* Sources */ = {
			isa = PBXSourcesBuildPhase;
			buildActionMask = 2147483647;
			files = (
				E77C59A720341B2E00F211E2 /* ViewController.swift in Sources */,
				E77C59A520341B2E00F211E2 /* AppDelegate.swift in Sources */,
			);
			runOnlyForDeploymentPostprocessing = 0;
		};
		E77C59B120341B2E00F211E2 /* Sources */ = {
			isa = PBXSourcesBuildPhase;
			buildActionMask = 2147483647;
			files = (
				E77C59BA20341B2E00F211E2 /* upCameraTests.swift in Sources */,
			);
			runOnlyForDeploymentPostprocessing = 0;
		};
		E77C59BC20341B2E00F211E2 /* Sources */ = {
			isa = PBXSourcesBuildPhase;
			buildActionMask = 2147483647;
			files = (
				E77C59C520341B2E00F211E2 /* upCameraUITests.swift in Sources */,
			);
			runOnlyForDeploymentPostprocessing = 0;
		};
/* End PBXSourcesBuildPhase section */

/* Begin PBXTargetDependency section */
		E77C59B720341B2E00F211E2 /* PBXTargetDependency */ = {
			isa = PBXTargetDependency;
			target = E77C59A020341B2E00F211E2 /* upCamera */;
			targetProxy = E77C59B620341B2E00F211E2 /* PBXContainerItemProxy */;
		};
		E77C59C220341B2E00F211E2 /* PBXTargetDependency */ = {
			isa = PBXTargetDependency;
			target = E77C59A020341B2E00F211E2 /* upCamera */;
			targetProxy = E77C59C120341B2E00F211E2 /* PBXContainerItemProxy */;
		};
/* End PBXTargetDependency section */

/* Begin PBXVariantGroup section */
		E77C59A820341B2E00F211E2 /* Main.storyboard */ = {
			isa = PBXVariantGroup;
			children = (
				E77C59A920341B2E00F211E2 /* Base */,
			);
			name = Main.storyboard;
			sourceTree = "<group>";
		};
		E77C59AD20341B2E00F211E2 /* LaunchScreen.storyboard */ = {
			isa = PBXVariantGroup;
			children = (
				E77C59AE20341B2E00F211E2 /* Base */,
			);
			name = LaunchScreen.storyboard;
			sourceTree = "<group>";
		};
/* End PBXVariantGroup section */

/* Begin XCBuildConfiguration section */
		E77C59C720341B2E00F211E2 /* Debug */ = {
			isa = XCBuildConfiguration;
			buildSettings = {
				ALWAYS_SEARCH_USER_PATHS = NO;
				CLANG_ANALYZER_NONNULL = YES;
				CLANG_ANALYZER_NUMBER_OBJECT_CONVERSION = YES_AGGRESSIVE;
				CLANG_CXX_LANGUAGE_STANDARD = "gnu++14";
				CLANG_CXX_LIBRARY = "libc++";
				CLANG_ENABLE_MODULES = YES;
				CLANG_ENABLE_OBJC_ARC = YES;
				CLANG_WARN_BLOCK_CAPTURE_AUTORELEASING = YES;
				CLANG_WARN_BOOL_CONVERSION = YES;
				CLANG_WARN_COMMA = YES;
				CLANG_WARN_CONSTANT_CONVERSION = YES;
				CLANG_WARN_DIRECT_OBJC_ISA_USAGE = YES_ERROR;
				CLANG_WARN_DOCUMENTATION_COMMENTS = YES;
				CLANG_WARN_EMPTY_BODY = YES;
				CLANG_WARN_ENUM_CONVERSION = YES;
				CLANG_WARN_INFINITE_RECURSION = YES;
				CLANG_WARN_INT_CONVERSION = YES;
				CLANG_WARN_NON_LITERAL_NULL_CONVERSION = YES;
				CLANG_WARN_OBJC_LITERAL_CONVERSION = YES;
				CLANG_WARN_OBJC_ROOT_CLASS = YES_ERROR;
				CLANG_WARN_RANGE_LOOP_ANALYSIS = YES;
				CLANG_WARN_STRICT_PROTOTYPES = YES;
				CLANG_WARN_SUSPICIOUS_MOVE = YES;
				CLANG_WARN_UNGUARDED_AVAILABILITY = YES_AGGRESSIVE;
				CLANG_WARN_UNREACHABLE_CODE = YES;
				CLANG_WARN__DUPLICATE_METHOD_MATCH = YES;
				CODE_SIGN_IDENTITY = "iPhone Developer";
				COPY_PHASE_STRIP = NO;
				DEBUG_INFORMATION_FORMAT = dwarf;
				ENABLE_STRICT_OBJC_MSGSEND = YES;
				ENABLE_TESTABILITY = YES;
				GCC_C_LANGUAGE_STANDARD = gnu11;
				GCC_DYNAMIC_NO_PIC = NO;
				GCC_NO_COMMON_BLOCKS = YES;
				GCC_OPTIMIZATION_LEVEL = 0;
				GCC_PREPROCESSOR_DEFINITIONS = (
					"DEBUG=1",
					"$(inherited)",
				);
				GCC_WARN_64_TO_32_BIT_CONVERSION = YES;
				GCC_WARN_ABOUT_RETURN_TYPE = YES_ERROR;
				GCC_WARN_UNDECLARED_SELECTOR = YES;
				GCC_WARN_UNINITIALIZED_AUTOS = YES_AGGRESSIVE;
				GCC_WARN_UNUSED_FUNCTION = YES;
				GCC_WARN_UNUSED_VARIABLE = YES;
				IPHONEOS_DEPLOYMENT_TARGET = 11.2;
				MTL_ENABLE_DEBUG_INFO = YES;
				ONLY_ACTIVE_ARCH = YES;
				SDKROOT = iphoneos;
				SWIFT_ACTIVE_COMPILATION_CONDITIONS = DEBUG;
				SWIFT_OPTIMIZATION_LEVEL = "-Onone";
			};
			name = Debug;
		};
		E77C59C820341B2E00F211E2 /* Release */ = {
			isa = XCBuildConfiguration;
			buildSettings = {
				ALWAYS_SEARCH_USER_PATHS = NO;
				CLANG_ANALYZER_NONNULL = YES;
				CLANG_ANALYZER_NUMBER_OBJECT_CONVERSION = YES_AGGRESSIVE;
				CLANG_CXX_LANGUAGE_STANDARD = "gnu++14";
				CLANG_CXX_LIBRARY = "libc++";
				CLANG_ENABLE_MODULES = YES;
				CLANG_ENABLE_OBJC_ARC = YES;
				CLANG_WARN_BLOCK_CAPTURE_AUTORELEASING = YES;
				CLANG_WARN_BOOL_CONVERSION = YES;
				CLANG_WARN_COMMA = YES;
				CLANG_WARN_CONSTANT_CONVERSION = YES;
				CLANG_WARN_DIRECT_OBJC_ISA_USAGE = YES_ERROR;
				CLANG_WARN_DOCUMENTATION_COMMENTS = YES;
				CLANG_WARN_EMPTY_BODY = YES;
				CLANG_WARN_ENUM_CONVERSION = YES;
				CLANG_WARN_INFINITE_RECURSION = YES;
				CLANG_WARN_INT_CONVERSION = YES;
				CLANG_WARN_NON_LITERAL_NULL_CONVERSION = YES;
				CLANG_WARN_OBJC_LITERAL_CONVERSION = YES;
				CLANG_WARN_OBJC_ROOT_CLASS = YES_ERROR;
				CLANG_WARN_RANGE_LOOP_ANALYSIS = YES;
				CLANG_WARN_STRICT_PROTOTYPES = YES;
				CLANG_WARN_SUSPICIOUS_MOVE = YES;
				CLANG_WARN_UNGUARDED_AVAILABILITY = YES_AGGRESSIVE;
				CLANG_WARN_UNREACHABLE_CODE = YES;
				CLANG_WARN__DUPLICATE_METHOD_MATCH = YES;
				CODE_SIGN_IDENTITY = "iPhone Developer";
				COPY_PHASE_STRIP = NO;
				DEBUG_INFORMATION_FORMAT = "dwarf-with-dsym";
				ENABLE_NS_ASSERTIONS = NO;
				ENABLE_STRICT_OBJC_MSGSEND = YES;
				GCC_C_LANGUAGE_STANDARD = gnu11;
				GCC_NO_COMMON_BLOCKS = YES;
				GCC_WARN_64_TO_32_BIT_CONVERSION = YES;
				GCC_WARN_ABOUT_RETURN_TYPE = YES_ERROR;
				GCC_WARN_UNDECLARED_SELECTOR = YES;
				GCC_WARN_UNINITIALIZED_AUTOS = YES_AGGRESSIVE;
				GCC_WARN_UNUSED_FUNCTION = YES;
				GCC_WARN_UNUSED_VARIABLE = YES;
				IPHONEOS_DEPLOYMENT_TARGET = 11.2;
				MTL_ENABLE_DEBUG_INFO = NO;
				SDKROOT = iphoneos;
				SWIFT_OPTIMIZATION_LEVEL = "-Owholemodule";
				VALIDATE_PRODUCT = YES;
			};
			name = Release;
		};
		E77C59CA20341B2E00F211E2 /* Debug */ = {
			isa = XCBuildConfiguration;
			baseConfigurationReference = 173594C4A8F0BD43F3911BC9 /* Pods-upCamera.debug.xcconfig */;
			buildSettings = {
				ASSETCATALOG_COMPILER_APPICON_NAME = AppIcon;
				CLANG_ENABLE_MODULES = YES;
				CODE_SIGN_STYLE = Automatic;
				DEVELOPMENT_TEAM = BD4QS94856;
				INFOPLIST_FILE = upCamera/Info.plist;
				IPHONEOS_DEPLOYMENT_TARGET = 11.0;
				LD_RUNPATH_SEARCH_PATHS = "$(inherited) @executable_path/Frameworks";
				PRODUCT_BUNDLE_IDENTIFIER = adocus.upCamera;
				PRODUCT_NAME = "$(TARGET_NAME)";
				SWIFT_OBJC_BRIDGING_HEADER = "upCamera-Bridging-Header.h";
				SWIFT_OPTIMIZATION_LEVEL = "-Onone";
				SWIFT_VERSION = 4.0;
				TARGETED_DEVICE_FAMILY = "1,2";
			};
			name = Debug;
		};
		E77C59CB20341B2E00F211E2 /* Release */ = {
			isa = XCBuildConfiguration;
			baseConfigurationReference = 5FFBCE6C3E19944CC7C5A50A /* Pods-upCamera.release.xcconfig */;
			buildSettings = {
				ASSETCATALOG_COMPILER_APPICON_NAME = AppIcon;
				CLANG_ENABLE_MODULES = YES;
				CODE_SIGN_STYLE = Automatic;
				DEVELOPMENT_TEAM = BD4QS94856;
				INFOPLIST_FILE = upCamera/Info.plist;
				IPHONEOS_DEPLOYMENT_TARGET = 11.0;
				LD_RUNPATH_SEARCH_PATHS = "$(inherited) @executable_path/Frameworks";
				PRODUCT_BUNDLE_IDENTIFIER = adocus.upCamera;
				PRODUCT_NAME = "$(TARGET_NAME)";
				SWIFT_OBJC_BRIDGING_HEADER = "upCamera-Bridging-Header.h";
				SWIFT_VERSION = 4.0;
				TARGETED_DEVICE_FAMILY = "1,2";
			};
			name = Release;
		};
		E77C59CD20341B2E00F211E2 /* Debug */ = {
			isa = XCBuildConfiguration;
			baseConfigurationReference = AD4BBE68A0D94B2AFBCD64C3 /* Pods-upCameraTests.debug.xcconfig */;
			buildSettings = {
				ALWAYS_EMBED_SWIFT_STANDARD_LIBRARIES = YES;
				BUNDLE_LOADER = "$(TEST_HOST)";
				CODE_SIGN_STYLE = Automatic;
				DEVELOPMENT_TEAM = BD4QS94856;
				INFOPLIST_FILE = upCameraTests/Info.plist;
				LD_RUNPATH_SEARCH_PATHS = "$(inherited) @executable_path/Frameworks @loader_path/Frameworks";
				PRODUCT_BUNDLE_IDENTIFIER = adocus.upCameraTests;
				PRODUCT_NAME = "$(TARGET_NAME)";
				SWIFT_VERSION = 4.0;
				TARGETED_DEVICE_FAMILY = "1,2";
				TEST_HOST = "$(BUILT_PRODUCTS_DIR)/upCamera.app/upCamera";
			};
			name = Debug;
		};
		E77C59CE20341B2E00F211E2 /* Release */ = {
			isa = XCBuildConfiguration;
			baseConfigurationReference = 37BD083D5E4D6B941CEBE5DA /* Pods-upCameraTests.release.xcconfig */;
			buildSettings = {
				ALWAYS_EMBED_SWIFT_STANDARD_LIBRARIES = YES;
				BUNDLE_LOADER = "$(TEST_HOST)";
				CODE_SIGN_STYLE = Automatic;
				DEVELOPMENT_TEAM = BD4QS94856;
				INFOPLIST_FILE = upCameraTests/Info.plist;
				LD_RUNPATH_SEARCH_PATHS = "$(inherited) @executable_path/Frameworks @loader_path/Frameworks";
				PRODUCT_BUNDLE_IDENTIFIER = adocus.upCameraTests;
				PRODUCT_NAME = "$(TARGET_NAME)";
				SWIFT_VERSION = 4.0;
				TARGETED_DEVICE_FAMILY = "1,2";
				TEST_HOST = "$(BUILT_PRODUCTS_DIR)/upCamera.app/upCamera";
			};
			name = Release;
		};
		E77C59D020341B2E00F211E2 /* Debug */ = {
			isa = XCBuildConfiguration;
			baseConfigurationReference = 1972D0DB2FEC693B4AE9DCAF /* Pods-upCameraUITests.debug.xcconfig */;
			buildSettings = {
				ALWAYS_EMBED_SWIFT_STANDARD_LIBRARIES = YES;
				CODE_SIGN_STYLE = Automatic;
				DEVELOPMENT_TEAM = BD4QS94856;
				INFOPLIST_FILE = upCameraUITests/Info.plist;
				LD_RUNPATH_SEARCH_PATHS = "$(inherited) @executable_path/Frameworks @loader_path/Frameworks";
				PRODUCT_BUNDLE_IDENTIFIER = adocus.upCameraUITests;
				PRODUCT_NAME = "$(TARGET_NAME)";
				SWIFT_VERSION = 4.0;
				TARGETED_DEVICE_FAMILY = "1,2";
				TEST_TARGET_NAME = upCamera;
			};
			name = Debug;
		};
		E77C59D120341B2E00F211E2 /* Release */ = {
			isa = XCBuildConfiguration;
			baseConfigurationReference = 6F8DDC918D5ED32FD4C4E29A /* Pods-upCameraUITests.release.xcconfig */;
			buildSettings = {
				ALWAYS_EMBED_SWIFT_STANDARD_LIBRARIES = YES;
				CODE_SIGN_STYLE = Automatic;
				DEVELOPMENT_TEAM = BD4QS94856;
				INFOPLIST_FILE = upCameraUITests/Info.plist;
				LD_RUNPATH_SEARCH_PATHS = "$(inherited) @executable_path/Frameworks @loader_path/Frameworks";
				PRODUCT_BUNDLE_IDENTIFIER = adocus.upCameraUITests;
				PRODUCT_NAME = "$(TARGET_NAME)";
				SWIFT_VERSION = 4.0;
				TARGETED_DEVICE_FAMILY = "1,2";
				TEST_TARGET_NAME = upCamera;
			};
			name = Release;
		};
/* End XCBuildConfiguration section */

/* Begin XCConfigurationList section */
		E77C599C20341B2E00F211E2 /* Build configuration list for PBXProject "upCamera" */ = {
			isa = XCConfigurationList;
			buildConfigurations = (
				E77C59C720341B2E00F211E2 /* Debug */,
				E77C59C820341B2E00F211E2 /* Release */,
			);
			defaultConfigurationIsVisible = 0;
			defaultConfigurationName = Release;
		};
		E77C59C920341B2E00F211E2 /* Build configuration list for PBXNativeTarget "upCamera" */ = {
			isa = XCConfigurationList;
			buildConfigurations = (
				E77C59CA20341B2E00F211E2 /* Debug */,
				E77C59CB20341B2E00F211E2 /* Release */,
			);
			defaultConfigurationIsVisible = 0;
			defaultConfigurationName = Release;
		};
		E77C59CC20341B2E00F211E2 /* Build configuration list for PBXNativeTarget "upCameraTests" */ = {
			isa = XCConfigurationList;
			buildConfigurations = (
				E77C59CD20341B2E00F211E2 /* Debug */,
				E77C59CE20341B2E00F211E2 /* Release */,
			);
			defaultConfigurationIsVisible = 0;
			defaultConfigurationName = Release;
		};
		E77C59CF20341B2E00F211E2 /* Build configuration list for PBXNativeTarget "upCameraUITests" */ = {
			isa = XCConfigurationList;
			buildConfigurations = (
				E77C59D020341B2E00F211E2 /* Debug */,
				E77C59D120341B2E00F211E2 /* Release */,
			);
			defaultConfigurationIsVisible = 0;
			defaultConfigurationName = Release;
		};
/* End XCConfigurationList section */
	};
	rootObject = E77C599920341B2E00F211E2 /* Project object */;
}
